
Microsoft Visual Studio Solution File, Format Version 12.00
# Visual Studio Version 17
VisualStudioVersion = 17.7.34031.279
MinimumVisualStudioVersion = 10.0.40219.1
Project("{FAE04EC0-301F-11D3-BF4B-00C04F79EFBC}") = "LongestSequence", "LongestSequence.csproj", "{8020F06C-3361-4B6A-9980-9DBF552C94DD}"
EndProject
Project("{FAE04EC0-301F-11D3-BF4B-00C04F79EFBC}") = "Anagrams", "..\Anagrams\Anagrams.csproj", "{DEF9D228-7B20-4118-80C7-1CF8B027EA0D}"
EndProject
Project("{FAE04EC0-301F-11D3-BF4B-00C04F79EFBC}") = "StarsOnScreen", "..\StarsOnScreen\StarsOnScreen.csproj", "{D196F57D-A2E1-477B-9EB1-FC5C565BFB26}"
EndProject
Project("{FAE04EC0-301F-11D3-BF4B-00C04F79EFBC}") = "DiamondPattern", "..\DiamondPattern\DiamondPattern.csproj", "{51FB657B-ABDE-46C8-8F20-84D4405D178D}"
EndProject
Project("{FAE04EC0-301F-11D3-BF4B-00C04F79EFBC}") = "ReverseString", "..\ReverseString\ReverseString.csproj", "{7DFE0F33-2847-4EB2-8B7D-3C42C3732897}"
EndProject
Project("{FAE04EC0-301F-11D3-BF4B-00C04F79EFBC}") = "Palindrome", "..\Palindrome\Palindrome.csproj", "{AF131CB9-330D-4C39-8C4F-BA3E57219E8C}"
EndProject
Project("{FAE04EC0-301F-11D3-BF4B-00C04F79EFBC}") = "SumOfDigits", "..\SumOfDigits\SumOfDigits.csproj", "{44DC4644-68AF-40DD-B524-A84997DEC850}"
EndProject
Project("{FAE04EC0-301F-11D3-BF4B-00C04F79EFBC}") = "TwoSums", "..\TwoSums\TwoSums.csproj", "{085B02CF-13CD-4C15-9231-40093AA396F0}"
EndProject
Project("{FAE04EC0-301F-11D3-BF4B-00C04F79EFBC}") = "PrmeNthPosition", "..\PrmeNthPosition\PrmeNthPosition.csproj", "{B5DB214D-065F-4AD6-B1B8-6FD9E590704B}"
EndProject
Project("{FAE04EC0-301F-11D3-BF4B-00C04F79EFBC}") = "NextPrimeNumber", "..\NextPrimeNumber\NextPrimeNumber.csproj", "{54ADA10E-5032-45AD-9578-48B0C4B62869}"
EndProject
Project("{FAE04EC0-301F-11D3-BF4B-00C04F79EFBC}") = "GuessTheNumber", "..\GuessTheNumber\GuessTheNumber.csproj", "{40A0E3F5-16A4-4410-B205-062AA4336742}"
EndProject
Project("{FAE04EC0-301F-11D3-BF4B-00C04F79EFBC}") = "HangmanGame", "..\HangmanGame\HangmanGame.csproj", "{E2A3D0E7-FBF3-4AE5-857A-EFAA209A915E}"
EndProject
Global
	GlobalSection(SolutionConfigurationPlatforms) = preSolution
		Debug|Any CPU = Debug|Any CPU
		Release|Any CPU = Release|Any CPU
	EndGlobalSection
	GlobalSection(ProjectConfigurationPlatforms) = postSolution
		{8020F06C-3361-4B6A-9980-9DBF552C94DD}.Debug|Any CPU.ActiveCfg = Debug|Any CPU
		{8020F06C-3361-4B6A-9980-9DBF552C94DD}.Debug|Any CPU.Build.0 = Debug|Any CPU
		{8020F06C-3361-4B6A-9980-9DBF552C94DD}.Release|Any CPU.ActiveCfg = Release|Any CPU
		{8020F06C-3361-4B6A-9980-9DBF552C94DD}.Release|Any CPU.Build.0 = Release|Any CPU
		{DEF9D228-7B20-4118-80C7-1CF8B027EA0D}.Debug|Any CPU.ActiveCfg = Debug|Any CPU
		{DEF9D228-7B20-4118-80C7-1CF8B027EA0D}.Debug|Any CPU.Build.0 = Debug|Any CPU
		{DEF9D228-7B20-4118-80C7-1CF8B027EA0D}.Release|Any CPU.ActiveCfg = Release|Any CPU
		{DEF9D228-7B20-4118-80C7-1CF8B027EA0D}.Release|Any CPU.Build.0 = Release|Any CPU
		{D196F57D-A2E1-477B-9EB1-FC5C565BFB26}.Debug|Any CPU.ActiveCfg = Debug|Any CPU
		{D196F57D-A2E1-477B-9EB1-FC5C565BFB26}.Debug|Any CPU.Build.0 = Debug|Any CPU
		{D196F57D-A2E1-477B-9EB1-FC5C565BFB26}.Release|Any CPU.ActiveCfg = Release|Any CPU
		{D196F57D-A2E1-477B-9EB1-FC5C565BFB26}.Release|Any CPU.Build.0 = Release|Any CPU
		{51FB657B-ABDE-46C8-8F20-84D4405D178D}.Debug|Any CPU.ActiveCfg = Debug|Any CPU
		{51FB657B-ABDE-46C8-8F20-84D4405D178D}.Debug|Any CPU.Build.0 = Debug|Any CPU
		{51FB657B-ABDE-46C8-8F20-84D4405D178D}.Release|Any CPU.ActiveCfg = Release|Any CPU
		{51FB657B-ABDE-46C8-8F20-84D4405D178D}.Release|Any CPU.Build.0 = Release|Any CPU
		{7DFE0F33-2847-4EB2-8B7D-3C42C3732897}.Debug|Any CPU.ActiveCfg = Debug|Any CPU
		{7DFE0F33-2847-4EB2-8B7D-3C42C3732897}.Debug|Any CPU.Build.0 = Debug|Any CPU
		{7DFE0F33-2847-4EB2-8B7D-3C42C3732897}.Release|Any CPU.ActiveCfg = Release|Any CPU
		{7DFE0F33-2847-4EB2-8B7D-3C42C3732897}.Release|Any CPU.Build.0 = Release|Any CPU
		{AF131CB9-330D-4C39-8C4F-BA3E57219E8C}.Debug|Any CPU.ActiveCfg = Debug|Any CPU
		{AF131CB9-330D-4C39-8C4F-BA3E57219E8C}.Debug|Any CPU.Build.0 = Debug|Any CPU
		{AF131CB9-330D-4C39-8C4F-BA3E57219E8C}.Release|Any CPU.ActiveCfg = Release|Any CPU
		{AF131CB9-330D-4C39-8C4F-BA3E57219E8C}.Release|Any CPU.Build.0 = Release|Any CPU
		{44DC4644-68AF-40DD-B524-A84997DEC850}.Debug|Any CPU.ActiveCfg = Debug|Any CPU
		{44DC4644-68AF-40DD-B524-A84997DEC850}.Debug|Any CPU.Build.0 = Debug|Any CPU
		{44DC4644-68AF-40DD-B524-A84997DEC850}.Release|Any CPU.ActiveCfg = Release|Any CPU
		{44DC4644-68AF-40DD-B524-A84997DEC850}.Release|Any CPU.Build.0 = Release|Any CPU
		{085B02CF-13CD-4C15-9231-40093AA396F0}.Debug|Any CPU.ActiveCfg = Debug|Any CPU
		{085B02CF-13CD-4C15-9231-40093AA396F0}.Debug|Any CPU.Build.0 = Debug|Any CPU
		{085B02CF-13CD-4C15-9231-40093AA396F0}.Release|Any CPU.ActiveCfg = Release|Any CPU
		{085B02CF-13CD-4C15-9231-40093AA396F0}.Release|Any CPU.Build.0 = Release|Any CPU
		{B5DB214D-065F-4AD6-B1B8-6FD9E590704B}.Debug|Any CPU.ActiveCfg = Debug|Any CPU
		{B5DB214D-065F-4AD6-B1B8-6FD9E590704B}.Debug|Any CPU.Build.0 = Debug|Any CPU
		{B5DB214D-065F-4AD6-B1B8-6FD9E590704B}.Release|Any CPU.ActiveCfg = Release|Any CPU
		{B5DB214D-065F-4AD6-B1B8-6FD9E590704B}.Release|Any CPU.Build.0 = Release|Any CPU
		{54ADA10E-5032-45AD-9578-48B0C4B62869}.Debug|Any CPU.ActiveCfg = Debug|Any CPU
		{54ADA10E-5032-45AD-9578-48B0C4B62869}.Debug|Any CPU.Build.0 = Debug|Any CPU
		{54ADA10E-5032-45AD-9578-48B0C4B62869}.Release|Any CPU.ActiveCfg = Release|Any CPU
		{54ADA10E-5032-45AD-9578-48B0C4B62869}.Release|Any CPU.Build.0 = Release|Any CPU
		{40A0E3F5-16A4-4410-B205-062AA4336742}.Debug|Any CPU.ActiveCfg = Debug|Any CPU
		{40A0E3F5-16A4-4410-B205-062AA4336742}.Debug|Any CPU.Build.0 = Debug|Any CPU
		{40A0E3F5-16A4-4410-B205-062AA4336742}.Release|Any CPU.ActiveCfg = Release|Any CPU
		{40A0E3F5-16A4-4410-B205-062AA4336742}.Release|Any CPU.Build.0 = Release|Any CPU
		{E2A3D0E7-FBF3-4AE5-857A-EFAA209A915E}.Debug|Any CPU.ActiveCfg = Debug|Any CPU
		{E2A3D0E7-FBF3-4AE5-857A-EFAA209A915E}.Debug|Any CPU.Build.0 = Debug|Any CPU
		{E2A3D0E7-FBF3-4AE5-857A-EFAA209A915E}.Release|Any CPU.ActiveCfg = Release|Any CPU
		{E2A3D0E7-FBF3-4AE5-857A-EFAA209A915E}.Release|Any CPU.Build.0 = Release|Any CPU
	EndGlobalSection
	GlobalSection(SolutionProperties) = preSolution
		HideSolutionNode = FALSE
	EndGlobalSection
	GlobalSection(ExtensibilityGlobals) = postSolution
		SolutionGuid = {9A4D940C-2D35-44F1-80A3-FF891ED9DE5A}
	EndGlobalSection
EndGlobal
